
Microsoft Visual Studio Solution File, Format Version 12.00
# Visual Studio Version 17
VisualStudioVersion = 17.7.34003.232
MinimumVisualStudioVersion = 10.0.40219.1
Project("{8BC9CEB8-8B4A-11D0-8D11-00A0C91BC942}") = "SFML-SPACE-SHOOTER", "SFML-SPACE-SHOOTER\SFML-SPACE-SHOOTER.vcxproj", "{40CD32BE-7DC9-4292-A83F-F3FA87B591FC}"
EndProject
Global
	GlobalSection(SolutionConfigurationPlatforms) = preSolution
		Debug|x64 = Debug|x64
		Debug|x86 = Debug|x86
		Release|x64 = Release|x64
		Release|x86 = Release|x86
	EndGlobalSection
	GlobalSection(ProjectConfigurationPlatforms) = postSolution
		{40CD32BE-7DC9-4292-A83F-F3FA87B591FC}.Debug|x64.ActiveCfg = Debug|x64
		{40CD32BE-7DC9-4292-A83F-F3FA87B591FC}.Debug|x64.Build.0 = Debug|x64
		{40CD32BE-7DC9-4292-A83F-F3FA87B591FC}.Debug|x86.ActiveCfg = Debug|Win32
		{40CD32BE-7DC9-4292-A83F-F3FA87B591FC}.Debug|x86.Build.0 = Debug|Win32
		{40CD32BE-7DC9-4292-A83F-F3FA87B591FC}.Release|x64.ActiveCfg = Release|x64
		{40CD32BE-7DC9-4292-A83F-F3FA87B591FC}.Release|x64.Build.0 = Release|x64
		{40CD32BE-7DC9-4292-A83F-F3FA87B591FC}.Release|x86.ActiveCfg = Release|Win32
		{40CD32BE-7DC9-4292-A83F-F3FA87B591FC}.Release|x86.Build.0 = Release|Win32
	EndGlobalSection
	GlobalSection(SolutionProperties) = preSolution
		HideSolutionNode = FALSE
	EndGlobalSection
	GlobalSection(ExtensibilityGlobals) = postSolution
		SolutionGuid = {957B0506-086C-4D7B-8146-A938FC05F82D}
	EndGlobalSection
EndGlobal
